#MicroXplorer Configuration settings - do not modify
ADC1.Channel-350\#ChannelRegularConversion=ADC_CHANNEL_0
ADC1.ClockPrescaler=ADC_CLOCK_SYNC_PCLK_DIV6
ADC1.DMAContinuousRequests=DISABLE
ADC1.DiscontinuousConvMode=ENABLE
ADC1.IPParameters=Rank-350\#ChannelRegularConversion,Channel-350\#ChannelRegularConversion,SamplingTime-350\#ChannelRegularConversion,NbrOfConversionFlag,master,ScanConvMode,DiscontinuousConvMode,NbrOfDiscConversion,DMAContinuousRequests,ClockPrescaler
ADC1.NbrOfConversionFlag=1
ADC1.NbrOfDiscConversion=4
ADC1.Rank-350\#ChannelRegularConversion=1
ADC1.SamplingTime-350\#ChannelRegularConversion=ADC_SAMPLETIME_3CYCLES
ADC1.ScanConvMode=ENABLE
ADC1.master=1
ADC2.Channel-0\#ChannelRegularConversion=ADC_CHANNEL_4
ADC2.ClockPrescaler=ADC_CLOCK_SYNC_PCLK_DIV6
ADC2.IPParameters=Rank-0\#ChannelRegularConversion,Channel-0\#ChannelRegularConversion,SamplingTime-0\#ChannelRegularConversion,NbrOfConversionFlag,ClockPrescaler
ADC2.NbrOfConversionFlag=1
ADC2.Rank-0\#ChannelRegularConversion=1
ADC2.SamplingTime-0\#ChannelRegularConversion=ADC_SAMPLETIME_3CYCLES
Dma.ADC1.4.Direction=DMA_PERIPH_TO_MEMORY
Dma.ADC1.4.FIFOMode=DMA_FIFOMODE_DISABLE
Dma.ADC1.4.Instance=DMA2_Stream0
Dma.ADC1.4.MemDataAlignment=DMA_MDATAALIGN_HALFWORD
Dma.ADC1.4.MemInc=DMA_MINC_ENABLE
Dma.ADC1.4.Mode=DMA_CIRCULAR
Dma.ADC1.4.PeriphDataAlignment=DMA_PDATAALIGN_HALFWORD
Dma.ADC1.4.PeriphInc=DMA_PINC_DISABLE
Dma.ADC1.4.Priority=DMA_PRIORITY_LOW
Dma.ADC1.4.RequestParameters=Instance,Direction,PeriphInc,MemInc,PeriphDataAlignment,MemDataAlignment,Mode,Priority,FIFOMode
Dma.I2C2_RX.2.Direction=DMA_PERIPH_TO_MEMORY
Dma.I2C2_RX.2.FIFOMode=DMA_FIFOMODE_DISABLE
Dma.I2C2_RX.2.Instance=DMA1_Stream2
Dma.I2C2_RX.2.MemDataAlignment=DMA_MDATAALIGN_BYTE
Dma.I2C2_RX.2.MemInc=DMA_MINC_ENABLE
Dma.I2C2_RX.2.Mode=DMA_CIRCULAR
Dma.I2C2_RX.2.PeriphDataAlignment=DMA_PDATAALIGN_BYTE
Dma.I2C2_RX.2.PeriphInc=DMA_PINC_DISABLE
Dma.I2C2_RX.2.Priority=DMA_PRIORITY_LOW
Dma.I2C2_RX.2.RequestParameters=Instance,Direction,PeriphInc,MemInc,PeriphDataAlignment,MemDataAlignment,Mode,Priority,FIFOMode
Dma.I2C2_TX.3.Direction=DMA_MEMORY_TO_PERIPH
Dma.I2C2_TX.3.FIFOMode=DMA_FIFOMODE_DISABLE
Dma.I2C2_TX.3.Instance=DMA1_Stream7
Dma.I2C2_TX.3.MemDataAlignment=DMA_MDATAALIGN_BYTE
Dma.I2C2_TX.3.MemInc=DMA_MINC_ENABLE
Dma.I2C2_TX.3.Mode=DMA_CIRCULAR
Dma.I2C2_TX.3.PeriphDataAlignment=DMA_PDATAALIGN_BYTE
Dma.I2C2_TX.3.PeriphInc=DMA_PINC_DISABLE
Dma.I2C2_TX.3.Priority=DMA_PRIORITY_LOW
Dma.I2C2_TX.3.RequestParameters=Instance,Direction,PeriphInc,MemInc,PeriphDataAlignment,MemDataAlignment,Mode,Priority,FIFOMode
Dma.MEMTOMEM.0.Direction=DMA_MEMORY_TO_MEMORY
Dma.MEMTOMEM.0.FIFOMode=DMA_FIFOMODE_ENABLE
Dma.MEMTOMEM.0.FIFOThreshold=DMA_FIFO_THRESHOLD_FULL
Dma.MEMTOMEM.0.Instance=DMA2_Stream1
Dma.MEMTOMEM.0.MemBurst=DMA_MBURST_SINGLE
Dma.MEMTOMEM.0.MemDataAlignment=DMA_MDATAALIGN_BYTE
Dma.MEMTOMEM.0.MemInc=DMA_MINC_ENABLE
Dma.MEMTOMEM.0.Mode=DMA_NORMAL
Dma.MEMTOMEM.0.PeriphBurst=DMA_PBURST_SINGLE
Dma.MEMTOMEM.0.PeriphDataAlignment=DMA_PDATAALIGN_BYTE
Dma.MEMTOMEM.0.PeriphInc=DMA_PINC_ENABLE
Dma.MEMTOMEM.0.Priority=DMA_PRIORITY_LOW
Dma.MEMTOMEM.0.RequestParameters=Instance,Direction,PeriphInc,MemInc,PeriphDataAlignment,MemDataAlignment,Mode,Priority,FIFOMode,FIFOThreshold,MemBurst,PeriphBurst
Dma.MEMTOMEM.1.Direction=DMA_MEMORY_TO_MEMORY
Dma.MEMTOMEM.1.FIFOMode=DMA_FIFOMODE_ENABLE
Dma.MEMTOMEM.1.FIFOThreshold=DMA_FIFO_THRESHOLD_FULL
Dma.MEMTOMEM.1.Instance=DMA2_Stream3
Dma.MEMTOMEM.1.MemBurst=DMA_MBURST_SINGLE
Dma.MEMTOMEM.1.MemDataAlignment=DMA_MDATAALIGN_BYTE
Dma.MEMTOMEM.1.MemInc=DMA_MINC_ENABLE
Dma.MEMTOMEM.1.Mode=DMA_NORMAL
Dma.MEMTOMEM.1.PeriphBurst=DMA_PBURST_SINGLE
Dma.MEMTOMEM.1.PeriphDataAlignment=DMA_PDATAALIGN_BYTE
Dma.MEMTOMEM.1.PeriphInc=DMA_PINC_ENABLE
Dma.MEMTOMEM.1.Priority=DMA_PRIORITY_LOW
Dma.MEMTOMEM.1.RequestParameters=Instance,Direction,PeriphInc,MemInc,PeriphDataAlignment,MemDataAlignment,Mode,Priority,FIFOMode,FIFOThreshold,MemBurst,PeriphBurst
Dma.Request0=MEMTOMEM
Dma.Request1=MEMTOMEM
Dma.Request2=I2C2_RX
Dma.Request3=I2C2_TX
Dma.Request4=ADC1
Dma.RequestsNb=5
File.Version=6
I2C2.ClockSpeed=115200
I2C2.I2C_Mode=I2C_Fast
I2C2.IPParameters=I2C_Mode,ClockSpeed
KeepUserPlacement=false
Mcu.Family=STM32F4
Mcu.IP0=ADC1
Mcu.IP1=ADC2
Mcu.IP10=TIM3
Mcu.IP11=TIM4
Mcu.IP12=TIM8
Mcu.IP13=USART3
Mcu.IP2=DMA
Mcu.IP3=I2C1
Mcu.IP4=I2C2
Mcu.IP5=NVIC
Mcu.IP6=RCC
Mcu.IP7=SYS
Mcu.IP8=TIM1
Mcu.IP9=TIM2
Mcu.IPNb=14
Mcu.Name=STM32F415RGTx
Mcu.Package=LQFP64
Mcu.Pin0=PC0
Mcu.Pin1=PC1
Mcu.Pin10=PB0
Mcu.Pin11=PB1
Mcu.Pin12=PB10
Mcu.Pin13=PB11
Mcu.Pin14=PC6
Mcu.Pin15=PC7
Mcu.Pin16=PC8
Mcu.Pin17=PC9
Mcu.Pin18=PA8
Mcu.Pin19=PA9
Mcu.Pin2=PC2
Mcu.Pin20=PA13
Mcu.Pin21=PA14
Mcu.Pin22=PC10
Mcu.Pin23=PC11
Mcu.Pin24=PB3
Mcu.Pin25=PB4
Mcu.Pin26=PB6
Mcu.Pin27=PB7
Mcu.Pin28=PB8
Mcu.Pin29=PB9
Mcu.Pin3=PC3
Mcu.Pin30=VP_SYS_VS_Systick
Mcu.Pin31=VP_TIM2_VS_ClockSourceINT
Mcu.Pin32=VP_TIM8_VS_ClockSourceINT
Mcu.Pin4=PA0-WKUP
Mcu.Pin5=PA1
Mcu.Pin6=PA2
Mcu.Pin7=PA3
Mcu.Pin8=PA4
Mcu.Pin9=PA7
Mcu.PinsNb=33
Mcu.ThirdPartyNb=0
Mcu.UserConstants=
Mcu.UserName=STM32F415RGTx
MxCube.Version=5.0.1
MxDb.Version=DB.5.0.1
NVIC.BusFault_IRQn=true\:0\:0\:false\:false\:true\:false
NVIC.DMA1_Stream2_IRQn=true\:0\:0\:false\:false\:true\:false
NVIC.DMA1_Stream7_IRQn=true\:0\:0\:false\:false\:true\:false
NVIC.DMA2_Stream0_IRQn=true\:0\:0\:false\:false\:true\:false
NVIC.DebugMonitor_IRQn=true\:0\:0\:false\:false\:true\:false
NVIC.HardFault_IRQn=true\:0\:0\:false\:false\:true\:false
NVIC.MemoryManagement_IRQn=true\:0\:0\:false\:false\:true\:false
NVIC.NonMaskableInt_IRQn=true\:0\:0\:false\:false\:true\:false
NVIC.PendSV_IRQn=true\:0\:0\:false\:false\:true\:false
NVIC.PriorityGroup=NVIC_PRIORITYGROUP_4
NVIC.SVCall_IRQn=true\:0\:0\:false\:false\:true\:false
NVIC.SysTick_IRQn=true\:0\:0\:false\:false\:true\:false
NVIC.UsageFault_IRQn=true\:0\:0\:false\:false\:true\:false
PA0-WKUP.Locked=true
PA0-WKUP.Signal=ADCx_IN0
PA1.Locked=true
PA1.Signal=ADCx_IN1
PA13.Locked=true
PA13.Mode=Serial_Wire
PA13.Signal=SYS_JTMS-SWDIO
PA14.Locked=true
PA14.Mode=Serial_Wire
PA14.Signal=SYS_JTCK-SWCLK
PA2.Locked=true
PA2.Signal=GPIO_Output
PA3.Locked=true
PA3.Signal=GPIO_Output
PA4.Locked=true
PA4.Signal=ADCx_IN4
PA7.Locked=true
PA7.Mode=PWM Generation1 CH1N
PA7.Signal=TIM8_CH1N
PA8.Signal=S_TIM1_CH1
PA9.Signal=S_TIM1_CH2
PB0.Mode=PWM Generation2 CH2N
PB0.Signal=TIM8_CH2N
PB1.Mode=PWM Generation3 CH3N
PB1.Signal=TIM8_CH3N
PB10.Mode=I2C
PB10.Signal=I2C2_SCL
PB11.Mode=I2C
PB11.Signal=I2C2_SDA
PB3.Locked=true
PB3.Signal=GPXTI3
PB4.GPIOParameters=GPIO_Label
PB4.GPIO_Label=btn1
PB4.Locked=true
PB4.Signal=GPXTI4
PB6.GPIOParameters=GPIO_ModeDefaultPP,GPIO_Speed,GPIO_PuPd
PB6.GPIO_ModeDefaultPP=GPIO_MODE_AF_PP
PB6.GPIO_PuPd=GPIO_NOPULL
PB6.GPIO_Speed=GPIO_SPEED_FREQ_LOW
PB6.Signal=S_TIM4_CH1
PB7.GPIOParameters=GPIO_ModeDefaultPP,GPIO_Speed,GPIO_PuPd
PB7.GPIO_ModeDefaultPP=GPIO_MODE_AF_PP
PB7.GPIO_PuPd=GPIO_NOPULL
PB7.GPIO_Speed=GPIO_SPEED_FREQ_LOW
PB7.Signal=S_TIM4_CH2
PB8.Mode=I2C
PB8.Signal=I2C1_SCL
PB9.Mode=I2C
PB9.Signal=I2C1_SDA
PC0.Locked=true
PC0.Signal=GPIO_Output
PC1.Locked=true
PC1.Signal=GPIO_Output
PC10.GPIOParameters=GPIO_Speed,GPIO_PuPd,GPIO_Mode
PC10.GPIO_Mode=GPIO_MODE_AF_PP
PC10.GPIO_PuPd=GPIO_PULLUP
PC10.GPIO_Speed=GPIO_SPEED_FREQ_VERY_HIGH
PC10.Mode=Asynchronous
PC10.Signal=USART3_TX
PC11.GPIOParameters=GPIO_Speed,GPIO_PuPd,GPIO_Mode
PC11.GPIO_Mode=GPIO_MODE_AF_PP
PC11.GPIO_PuPd=GPIO_PULLUP
PC11.GPIO_Speed=GPIO_SPEED_FREQ_VERY_HIGH
PC11.Mode=Asynchronous
PC11.Signal=USART3_RX
PC2.Locked=true
PC2.Signal=ADCx_IN12
PC3.Locked=true
PC3.Signal=ADCx_IN13
PC6.GPIOParameters=GPIO_ModeDefaultPP,GPIO_Speed,GPIO_PuPd
PC6.GPIO_ModeDefaultPP=GPIO_MODE_AF_PP
PC6.GPIO_PuPd=GPIO_NOPULL
PC6.GPIO_Speed=GPIO_SPEED_FREQ_LOW
PC6.Locked=true
PC6.Signal=S_TIM3_CH1
PC7.Locked=true
PC7.Signal=S_TIM3_CH2
PC8.GPIOParameters=GPIO_ModeDefaultPP,GPIO_Speed,GPIO_PuPd
PC8.GPIO_ModeDefaultPP=GPIO_MODE_AF_PP
PC8.GPIO_PuPd=GPIO_NOPULL
PC8.GPIO_Speed=GPIO_SPEED_FREQ_LOW
PC8.Locked=true
PC8.Signal=S_TIM3_CH3
PC9.Locked=true
PC9.Signal=S_TIM3_CH4
PCC.Checker=false
PCC.Line=STM32F405/415
PCC.MCU=STM32F415RGTx
PCC.PartNumber=STM32F415RGTx
PCC.Seq0=0
PCC.Series=STM32F4
PCC.Temperature=25
PCC.Vdd=3.3
PinOutPanel.RotationAngle=90
ProjectManager.AskForMigrate=true
ProjectManager.BackupPrevious=false
ProjectManager.CompilerOptimize=6
ProjectManager.ComputerToolchain=false
ProjectManager.CoupleFile=false
ProjectManager.CustomerFirmwarePackage=
ProjectManager.DefaultFWLocation=true
ProjectManager.DeletePrevious=true
ProjectManager.DeviceId=STM32F415RGTx
ProjectManager.FirmwarePackage=STM32Cube FW_F4 V1.23.0
ProjectManager.FreePins=false
ProjectManager.HalAssertFull=false
ProjectManager.HeapSize=0x200
ProjectManager.KeepUserCode=true
ProjectManager.LastFirmware=true
ProjectManager.LibraryCopy=0
ProjectManager.MainLocation=Src
ProjectManager.NoMain=false
ProjectManager.PreviousToolchain=
ProjectManager.ProjectBuild=false
ProjectManager.ProjectFileName=stm32f415rgt6.ioc
ProjectManager.ProjectName=stm32f415rgt6
ProjectManager.StackSize=0x400
ProjectManager.TargetToolchain=EWARM V8
ProjectManager.ToolChainLocation=
ProjectManager.UnderRoot=false
ProjectManager.functionlistsort=1-MX_GPIO_Init-GPIO-false-HAL-true,2-MX_DMA_Init-DMA-false-HAL-true,3-SystemClock_Config-RCC-false-HAL-false,4-MX_ADC1_Init-ADC1-false-HAL-true,5-MX_ADC2_Init-ADC2-false-HAL-true,6-MX_I2C1_Init-I2C1-false-HAL-true,7-MX_I2C2_Init-I2C2-false-HAL-true,8-MX_TIM1_Init-TIM1-false-HAL-true,9-MX_TIM3_Init-TIM3-false-HAL-true,10-MX_TIM4_Init-TIM4-false-HAL-true,11-MX_USART3_UART_Init-USART3-false-HAL-true,12-MX_TIM2_Init-TIM2-false-HAL-true,13-MX_TIM8_Init-TIM8-false-HAL-true
RCC.48MHZClocksFreq_Value=84000000
RCC.AHBFreq_Value=168000000
RCC.APB1CLKDivider=RCC_HCLK_DIV4
RCC.APB1Freq_Value=42000000
RCC.APB1TimFreq_Value=84000000
RCC.APB2CLKDivider=RCC_HCLK_DIV2
RCC.APB2Freq_Value=84000000
RCC.APB2TimFreq_Value=168000000
RCC.CortexFreq_Value=21000000
RCC.Cortex_Div=SYSTICK_CLKSOURCE_HCLK_DIV8
RCC.EthernetFreq_Value=168000000
RCC.FCLKCortexFreq_Value=168000000
RCC.FamilyName=M
RCC.HCLKFreq_Value=168000000
RCC.HSE_VALUE=4000000
RCC.HSI_VALUE=16000000
RCC.I2SClocksFreq_Value=96000000
RCC.IPParameters=48MHZClocksFreq_Value,AHBFreq_Value,APB1CLKDivider,APB1Freq_Value,APB1TimFreq_Value,APB2CLKDivider,APB2Freq_Value,APB2TimFreq_Value,CortexFreq_Value,Cortex_Div,EthernetFreq_Value,FCLKCortexFreq_Value,FamilyName,HCLKFreq_Value,HSE_VALUE,HSI_VALUE,I2SClocksFreq_Value,LSE_VALUE,LSI_VALUE,MCO2PinFreq_Value,PLLCLKFreq_Value,PLLN,PLLQCLKFreq_Value,RTCFreq_Value,RTCHSEDivFreq_Value,SYSCLKFreq_VALUE,SYSCLKSource,VCOI2SOutputFreq_Value,VCOInputFreq_Value,VCOOutputFreq_Value,VcooutputI2S
RCC.LSE_VALUE=32768
RCC.LSI_VALUE=32000
RCC.MCO2PinFreq_Value=168000000
RCC.PLLCLKFreq_Value=168000000
RCC.PLLN=336
RCC.PLLQCLKFreq_Value=84000000
RCC.RTCFreq_Value=32000
RCC.RTCHSEDivFreq_Value=2000000
RCC.SYSCLKFreq_VALUE=168000000
RCC.SYSCLKSource=RCC_SYSCLKSOURCE_PLLCLK
RCC.VCOI2SOutputFreq_Value=192000000
RCC.VCOInputFreq_Value=1000000
RCC.VCOOutputFreq_Value=336000000
RCC.VcooutputI2S=96000000
SH.ADCx_IN0.0=ADC1_IN0,IN0
SH.ADCx_IN0.ConfNb=1
SH.ADCx_IN1.0=ADC1_IN1,IN1
SH.ADCx_IN1.ConfNb=1
SH.ADCx_IN12.0=ADC1_IN12,IN12
SH.ADCx_IN12.ConfNb=1
SH.ADCx_IN13.0=ADC1_IN13,IN13
SH.ADCx_IN13.ConfNb=1
SH.ADCx_IN4.0=ADC2_IN4,IN4
SH.ADCx_IN4.ConfNb=1
SH.GPXTI3.0=GPIO_EXTI3
SH.GPXTI3.ConfNb=1
SH.GPXTI4.0=GPIO_EXTI4
SH.GPXTI4.ConfNb=1
SH.S_TIM1_CH1.0=TIM1_CH1,Encoder_Interface
SH.S_TIM1_CH1.ConfNb=1
SH.S_TIM1_CH2.0=TIM1_CH2,Encoder_Interface
SH.S_TIM1_CH2.ConfNb=1
SH.S_TIM3_CH1.0=TIM3_CH1,PWM Generation1 CH1
SH.S_TIM3_CH1.ConfNb=1
SH.S_TIM3_CH2.0=TIM3_CH2,PWM Generation2 CH2
SH.S_TIM3_CH2.ConfNb=1
SH.S_TIM3_CH3.0=TIM3_CH3,PWM Generation3 CH3
SH.S_TIM3_CH3.ConfNb=1
SH.S_TIM3_CH4.0=TIM3_CH4,PWM Generation4 CH4
SH.S_TIM3_CH4.ConfNb=1
SH.S_TIM4_CH1.0=TIM4_CH1,Encoder_Interface
SH.S_TIM4_CH1.ConfNb=1
SH.S_TIM4_CH2.0=TIM4_CH2,Encoder_Interface
SH.S_TIM4_CH2.ConfNb=1
TIM3.Channel-PWM\ Generation1\ CH1=TIM_CHANNEL_1
TIM3.Channel-PWM\ Generation2\ CH2=TIM_CHANNEL_2
TIM3.Channel-PWM\ Generation3\ CH3=TIM_CHANNEL_3
TIM3.Channel-PWM\ Generation4\ CH4=TIM_CHANNEL_4
TIM3.IPParameters=Channel-PWM Generation1 CH1,Channel-PWM Generation3 CH3,Channel-PWM Generation2 CH2,Channel-PWM Generation4 CH4
TIM8.Channel-PWM\ Generation1\ CH1N=TIM_CHANNEL_1
TIM8.Channel-PWM\ Generation2\ CH2N=TIM_CHANNEL_2
TIM8.Channel-PWM\ Generation3\ CH3N=TIM_CHANNEL_3
TIM8.IPParameters=Channel-PWM Generation1 CH1N,Channel-PWM Generation2 CH2N,Channel-PWM Generation3 CH3N
USART3.IPParameters=VirtualMode
USART3.VirtualMode=VM_ASYNC
VP_SYS_VS_Systick.Mode=SysTick
VP_SYS_VS_Systick.Signal=SYS_VS_Systick
VP_TIM2_VS_ClockSourceINT.Mode=Internal
VP_TIM2_VS_ClockSourceINT.Signal=TIM2_VS_ClockSourceINT
VP_TIM8_VS_ClockSourceINT.Mode=Internal
VP_TIM8_VS_ClockSourceINT.Signal=TIM8_VS_ClockSourceINT
board=custom
